Microsoft Visual Studio Solution File, Format Version 8.00
Project("{8BC9CEB8-8B4A-11D0-8D11-00A0C91BC942}") = "BJ", "BJ.vcproj", "{225D81D5-2845-4DA7-986B-007CACC08F3B}"
	ProjectSection(ProjectDependencies) = postProject
	EndProjectSection
EndProject
Global
	GlobalSection(SolutionConfiguration) = preSolution
		Debug = Debug
		Release = Release
	EndGlobalSection
	GlobalSection(ProjectConfiguration) = postSolution
		{225D81D5-2845-4DA7-986B-007CACC08F3B}.Debug.ActiveCfg = Debug|Win32
		{225D81D5-2845-4DA7-986B-007CACC08F3B}.Debug.Build.0 = Debug|Win32
		{225D81D5-2845-4DA7-986B-007CACC08F3B}.Release.ActiveCfg = Release|Win32
		{225D81D5-2845-4DA7-986B-007CACC08F3B}.Release.Build.0 = Release|Win32
	EndGlobalSection
	GlobalSection(ExtensibilityGlobals) = postSolution
	EndGlobalSection
	GlobalSection(ExtensibilityAddIns) = postSolution
	EndGlobalSection
EndGlobal
