Microsoft Visual Studio Solution File, Format Version 8.00
Project("{8BC9CEB8-8B4A-11D0-8D11-00A0C91BC942}") = "台球游戏客户端", "GameClient.vcproj", "{806639AB-F9A5-4041-B682-769ADDA300D3}"
EndProject
Global
	GlobalSection(SolutionConfigurationPlatforms) = preSolution
		Debug|Win32 = Debug|Win32
		Release|Win32 = Release|Win32
	EndGlobalSection
	GlobalSection(ProjectConfigurationPlatforms) = postSolution
		{806639AB-F9A5-4041-B682-769ADDA300D3}.Debug|Win32.ActiveCfg = Debug|Win32
		{806639AB-F9A5-4041-B682-769ADDA300D3}.Debug|Win32.Build.0 = Debug|Win32
		{806639AB-F9A5-4041-B682-769ADDA300D3}.Release|Win32.ActiveCfg = Release|Win32
		{806639AB-F9A5-4041-B682-769ADDA300D3}.Release|Win32.Build.0 = Release|Win32
	EndGlobalSection
	GlobalSection(SolutionProperties) = preSolution
		HideSolutionNode = FALSE
	EndGlobalSection
EndGlobal
