Microsoft Visual Studio Solution File, Format Version 8.00
Project("{8BC9CEB8-8B4A-11D0-8D11-00A0C91BC942}") = "BJServer", "游戏服务器\BJServer.vcproj", "{B3CCBC6D-EA62-4DC9-9918-D91C3A0B9C76}"
	ProjectSection(ProjectDependencies) = postProject
	EndProjectSection
EndProject
Project("{8BC9CEB8-8B4A-11D0-8D11-00A0C91BC942}") = "BJ", "游戏客户端\BJ.vcproj", "{225D81D5-2845-4DA7-986B-007CACC08F3B}"
	ProjectSection(ProjectDependencies) = postProject
	EndProjectSection
EndProject
Global
	GlobalSection(SolutionConfiguration) = preSolution
		Debug = Debug
		Release = Release
	EndGlobalSection
	GlobalSection(ProjectConfiguration) = postSolution
		{B3CCBC6D-EA62-4DC9-9918-D91C3A0B9C76}.Debug.ActiveCfg = Debug|Win32
		{B3CCBC6D-EA62-4DC9-9918-D91C3A0B9C76}.Debug.Build.0 = Debug|Win32
		{B3CCBC6D-EA62-4DC9-9918-D91C3A0B9C76}.Release.ActiveCfg = Release|Win32
		{B3CCBC6D-EA62-4DC9-9918-D91C3A0B9C76}.Release.Build.0 = Release|Win32
		{225D81D5-2845-4DA7-986B-007CACC08F3B}.Debug.ActiveCfg = Debug|Win32
		{225D81D5-2845-4DA7-986B-007CACC08F3B}.Debug.Build.0 = Debug|Win32
		{225D81D5-2845-4DA7-986B-007CACC08F3B}.Release.ActiveCfg = Release|Win32
		{225D81D5-2845-4DA7-986B-007CACC08F3B}.Release.Build.0 = Release|Win32
	EndGlobalSection
	GlobalSection(ExtensibilityGlobals) = postSolution
	EndGlobalSection
	GlobalSection(ExtensibilityAddIns) = postSolution
	EndGlobalSection
	GlobalSection(SolutionConfigurationPlatforms) = preSolution
		Debug|Win32 = Debug|Win32
		Release|Win32 = Release|Win32
	EndGlobalSection
	GlobalSection(ProjectConfigurationPlatforms) = postSolution
		{225D81D5-2845-4DA7-986B-007CACC08F3B}.Debug|Win32.ActiveCfg = Debug|Win32
		{225D81D5-2845-4DA7-986B-007CACC08F3B}.Debug|Win32.Build.0 = Debug|Win32
		{225D81D5-2845-4DA7-986B-007CACC08F3B}.Release|Win32.ActiveCfg = Release|Win32
		{225D81D5-2845-4DA7-986B-007CACC08F3B}.Release|Win32.Build.0 = Release|Win32
		{B3CCBC6D-EA62-4DC9-9918-D91C3A0B9C76}.Debug|Win32.ActiveCfg = Debug|Win32
		{B3CCBC6D-EA62-4DC9-9918-D91C3A0B9C76}.Debug|Win32.Build.0 = Debug|Win32
		{B3CCBC6D-EA62-4DC9-9918-D91C3A0B9C76}.Release|Win32.ActiveCfg = Release|Win32
		{B3CCBC6D-EA62-4DC9-9918-D91C3A0B9C76}.Release|Win32.Build.0 = Release|Win32
	EndGlobalSection
	GlobalSection(SolutionProperties) = preSolution
		HideSolutionNode = FALSE
	EndGlobalSection
EndGlobal
