Microsoft Visual Studio Solution File, Format Version 8.00
Project("{8BC9CEB8-8B4A-11D0-8D11-00A0C91BC942}") = "DownLoad", "DownLoad.vcproj", "{84612527-DBB5-4A41-B4F3-554E8A2A6A28}"
	ProjectSection(ProjectDependencies) = postProject
	EndProjectSection
EndProject
Global
	GlobalSection(SolutionConfiguration) = preSolution
		Debug = Debug
		Release = Release
	EndGlobalSection
	GlobalSection(ProjectConfiguration) = postSolution
		{84612527-DBB5-4A41-B4F3-554E8A2A6A28}.Debug.ActiveCfg = Debug|Win32
		{84612527-DBB5-4A41-B4F3-554E8A2A6A28}.Debug.Build.0 = Debug|Win32
		{84612527-DBB5-4A41-B4F3-554E8A2A6A28}.Release.ActiveCfg = Release|Win32
		{84612527-DBB5-4A41-B4F3-554E8A2A6A28}.Release.Build.0 = Release|Win32
	EndGlobalSection
	GlobalSection(ExtensibilityGlobals) = postSolution
	EndGlobalSection
	GlobalSection(ExtensibilityAddIns) = postSolution
	EndGlobalSection
EndGlobal
