Microsoft Visual Studio Solution File, Format Version 8.00
Project("{8BC9CEB8-8B4A-11D0-8D11-00A0C91BC942}") = "ChannelModule", "ChannelModule.vcproj", "{0D9684CE-A441-4D80-B449-C3AE8281C93B}"
	ProjectSection(ProjectDependencies) = postProject
	EndProjectSection
EndProject
Global
	GlobalSection(SolutionConfiguration) = preSolution
		Debug = Debug
		Release = Release
	EndGlobalSection
	GlobalSection(ProjectConfiguration) = postSolution
		{0D9684CE-A441-4D80-B449-C3AE8281C93B}.Debug.ActiveCfg = Debug|Win32
		{0D9684CE-A441-4D80-B449-C3AE8281C93B}.Debug.Build.0 = Debug|Win32
		{0D9684CE-A441-4D80-B449-C3AE8281C93B}.Release.ActiveCfg = Release|Win32
		{0D9684CE-A441-4D80-B449-C3AE8281C93B}.Release.Build.0 = Release|Win32
	EndGlobalSection
	GlobalSection(ExtensibilityGlobals) = postSolution
	EndGlobalSection
	GlobalSection(ExtensibilityAddIns) = postSolution
	EndGlobalSection
EndGlobal
